
Microsoft Visual Studio Solution File, Format Version 12.00
# Visual Studio Version 17
VisualStudioVersion = 17.5.33627.172
MinimumVisualStudioVersion = 10.0.40219.1
Project("{FAE04EC0-301F-11D3-BF4B-00C04F79EFBC}") = "FootParser", "FootParser.csproj", "{93C2B9DB-93DE-4A30-B76D-9E4C9A82A511}"
EndProject
Global
	GlobalSection(SolutionConfigurationPlatforms) = preSolution
		Debug|Any CPU = Debug|Any CPU
		Release|Any CPU = Release|Any CPU
	EndGlobalSection
	GlobalSection(ProjectConfigurationPlatforms) = postSolution
		{93C2B9DB-93DE-4A30-B76D-9E4C9A82A511}.Debug|Any CPU.ActiveCfg = Debug|Any CPU
		{93C2B9DB-93DE-4A30-B76D-9E4C9A82A511}.Debug|Any CPU.Build.0 = Debug|Any CPU
		{93C2B9DB-93DE-4A30-B76D-9E4C9A82A511}.Release|Any CPU.ActiveCfg = Release|Any CPU
		{93C2B9DB-93DE-4A30-B76D-9E4C9A82A511}.Release|Any CPU.Build.0 = Release|Any CPU
	EndGlobalSection
	GlobalSection(SolutionProperties) = preSolution
		HideSolutionNode = FALSE
	EndGlobalSection
	GlobalSection(ExtensibilityGlobals) = postSolution
		SolutionGuid = {FCDAB904-DD77-4232-A133-45E0323F730D}
	EndGlobalSection
EndGlobal
